
Microsoft Visual Studio Solution File, Format Version 12.00
# Visual Studio Version 16
VisualStudioVersion = 16.0.30717.126
MinimumVisualStudioVersion = 10.0.40219.1
Project("{FAE04EC0-301F-11D3-BF4B-00C04F79EFBC}") = "NetMvcIntro", "NetMvcIntro\NetMvcIntro.csproj", "{FFE0D442-F705-497B-9E59-13D331C5C5E1}"
EndProject
Project("{FAE04EC0-301F-11D3-BF4B-00C04F79EFBC}") = "CustomHtmlHelper", "CustomHtmlHelper\CustomHtmlHelper.csproj", "{25359E70-3E8C-4649-92A3-E13DB5749C14}"
EndProject
Project("{FAE04EC0-301F-11D3-BF4B-00C04F79EFBC}") = "ViewsSample", "ViewsSample\ViewsSample.csproj", "{DC04EABB-BBAB-4FB0-AF62-1AD80EB1571B}"
EndProject
Project("{FAE04EC0-301F-11D3-BF4B-00C04F79EFBC}") = "NestedLyout", "NestedLyout\NestedLyout.csproj", "{D1F98673-D79C-4F3D-B481-FF5CC9766C9F}"
EndProject
Project("{FAE04EC0-301F-11D3-BF4B-00C04F79EFBC}") = "SectionYerineLayoutKullansak", "SectionYerineLayoutKullansak\SectionYerineLayoutKullansak.csproj", "{846C956F-9D90-44BC-A58D-98B1CC257E15}"
EndProject
Project("{FAE04EC0-301F-11D3-BF4B-00C04F79EFBC}") = "SectionSample", "SectionSample\SectionSample.csproj", "{8174D3CE-C1D9-4710-A815-DC38C15D1C43}"
EndProject
Project("{FAE04EC0-301F-11D3-BF4B-00C04F79EFBC}") = "SectionWithNestedLayout", "SectionWithNestedLayout\SectionWithNestedLayout.csproj", "{5C4A0B19-C5E2-49D5-9792-A08D095F4005}"
EndProject
Project("{FAE04EC0-301F-11D3-BF4B-00C04F79EFBC}") = "PartialViewSample", "PartialViewSample\PartialViewSample.csproj", "{8936435D-FDC8-4177-B5E1-A9FC148C8122}"
EndProject
Project("{FAE04EC0-301F-11D3-BF4B-00C04F79EFBC}") = "PartialViewWithLayout", "PartialViewWithLayout\PartialViewWithLayout.csproj", "{F7C98625-D6EA-4FFE-BB43-A6386C3F7341}"
EndProject
Project("{FAE04EC0-301F-11D3-BF4B-00C04F79EFBC}") = "26-ViewBag-ViewData-TempData", "26-ViewBag-ViewData-TempData\26-ViewBag-ViewData-TempData.csproj", "{97D524C5-5115-4F5B-9833-CC134ACB6427}"
EndProject
Project("{FAE04EC0-301F-11D3-BF4B-00C04F79EFBC}") = "28-ViewDenControlleraVeriGönderimi-", "28-ViewDenControlleraVeriGönderimi-\28-ViewDenControlleraVeriGönderimi-.csproj", "{4AF470E0-44DB-4C2B-9EEC-E330F936359E}"
EndProject
Project("{FAE04EC0-301F-11D3-BF4B-00C04F79EFBC}") = "29-ModelleDataAktarimi", "29-ModelleDataAktarimi\29-ModelleDataAktarimi.csproj", "{70FB37C2-A157-4266-8E44-1DA102E14027}"
EndProject
Project("{FAE04EC0-301F-11D3-BF4B-00C04F79EFBC}") = "section-7-Entity", "section-7-Entity\section-7-Entity.csproj", "{CE78E522-539A-4B09-8E1F-EC0131B7CEBA}"
EndProject
Global
	GlobalSection(SolutionConfigurationPlatforms) = preSolution
		Debug|Any CPU = Debug|Any CPU
		Release|Any CPU = Release|Any CPU
	EndGlobalSection
	GlobalSection(ProjectConfigurationPlatforms) = postSolution
		{FFE0D442-F705-497B-9E59-13D331C5C5E1}.Debug|Any CPU.ActiveCfg = Debug|Any CPU
		{FFE0D442-F705-497B-9E59-13D331C5C5E1}.Debug|Any CPU.Build.0 = Debug|Any CPU
		{FFE0D442-F705-497B-9E59-13D331C5C5E1}.Release|Any CPU.ActiveCfg = Release|Any CPU
		{FFE0D442-F705-497B-9E59-13D331C5C5E1}.Release|Any CPU.Build.0 = Release|Any CPU
		{25359E70-3E8C-4649-92A3-E13DB5749C14}.Debug|Any CPU.ActiveCfg = Debug|Any CPU
		{25359E70-3E8C-4649-92A3-E13DB5749C14}.Debug|Any CPU.Build.0 = Debug|Any CPU
		{25359E70-3E8C-4649-92A3-E13DB5749C14}.Release|Any CPU.ActiveCfg = Release|Any CPU
		{25359E70-3E8C-4649-92A3-E13DB5749C14}.Release|Any CPU.Build.0 = Release|Any CPU
		{DC04EABB-BBAB-4FB0-AF62-1AD80EB1571B}.Debug|Any CPU.ActiveCfg = Debug|Any CPU
		{DC04EABB-BBAB-4FB0-AF62-1AD80EB1571B}.Debug|Any CPU.Build.0 = Debug|Any CPU
		{DC04EABB-BBAB-4FB0-AF62-1AD80EB1571B}.Release|Any CPU.ActiveCfg = Release|Any CPU
		{DC04EABB-BBAB-4FB0-AF62-1AD80EB1571B}.Release|Any CPU.Build.0 = Release|Any CPU
		{D1F98673-D79C-4F3D-B481-FF5CC9766C9F}.Debug|Any CPU.ActiveCfg = Debug|Any CPU
		{D1F98673-D79C-4F3D-B481-FF5CC9766C9F}.Debug|Any CPU.Build.0 = Debug|Any CPU
		{D1F98673-D79C-4F3D-B481-FF5CC9766C9F}.Release|Any CPU.ActiveCfg = Release|Any CPU
		{D1F98673-D79C-4F3D-B481-FF5CC9766C9F}.Release|Any CPU.Build.0 = Release|Any CPU
		{846C956F-9D90-44BC-A58D-98B1CC257E15}.Debug|Any CPU.ActiveCfg = Debug|Any CPU
		{846C956F-9D90-44BC-A58D-98B1CC257E15}.Debug|Any CPU.Build.0 = Debug|Any CPU
		{846C956F-9D90-44BC-A58D-98B1CC257E15}.Release|Any CPU.ActiveCfg = Release|Any CPU
		{846C956F-9D90-44BC-A58D-98B1CC257E15}.Release|Any CPU.Build.0 = Release|Any CPU
		{8174D3CE-C1D9-4710-A815-DC38C15D1C43}.Debug|Any CPU.ActiveCfg = Debug|Any CPU
		{8174D3CE-C1D9-4710-A815-DC38C15D1C43}.Debug|Any CPU.Build.0 = Debug|Any CPU
		{8174D3CE-C1D9-4710-A815-DC38C15D1C43}.Release|Any CPU.ActiveCfg = Release|Any CPU
		{8174D3CE-C1D9-4710-A815-DC38C15D1C43}.Release|Any CPU.Build.0 = Release|Any CPU
		{5C4A0B19-C5E2-49D5-9792-A08D095F4005}.Debug|Any CPU.ActiveCfg = Debug|Any CPU
		{5C4A0B19-C5E2-49D5-9792-A08D095F4005}.Debug|Any CPU.Build.0 = Debug|Any CPU
		{5C4A0B19-C5E2-49D5-9792-A08D095F4005}.Release|Any CPU.ActiveCfg = Release|Any CPU
		{5C4A0B19-C5E2-49D5-9792-A08D095F4005}.Release|Any CPU.Build.0 = Release|Any CPU
		{8936435D-FDC8-4177-B5E1-A9FC148C8122}.Debug|Any CPU.ActiveCfg = Debug|Any CPU
		{8936435D-FDC8-4177-B5E1-A9FC148C8122}.Debug|Any CPU.Build.0 = Debug|Any CPU
		{8936435D-FDC8-4177-B5E1-A9FC148C8122}.Release|Any CPU.ActiveCfg = Release|Any CPU
		{8936435D-FDC8-4177-B5E1-A9FC148C8122}.Release|Any CPU.Build.0 = Release|Any CPU
		{F7C98625-D6EA-4FFE-BB43-A6386C3F7341}.Debug|Any CPU.ActiveCfg = Debug|Any CPU
		{F7C98625-D6EA-4FFE-BB43-A6386C3F7341}.Debug|Any CPU.Build.0 = Debug|Any CPU
		{F7C98625-D6EA-4FFE-BB43-A6386C3F7341}.Release|Any CPU.ActiveCfg = Release|Any CPU
		{F7C98625-D6EA-4FFE-BB43-A6386C3F7341}.Release|Any CPU.Build.0 = Release|Any CPU
		{97D524C5-5115-4F5B-9833-CC134ACB6427}.Debug|Any CPU.ActiveCfg = Debug|Any CPU
		{97D524C5-5115-4F5B-9833-CC134ACB6427}.Debug|Any CPU.Build.0 = Debug|Any CPU
		{97D524C5-5115-4F5B-9833-CC134ACB6427}.Release|Any CPU.ActiveCfg = Release|Any CPU
		{97D524C5-5115-4F5B-9833-CC134ACB6427}.Release|Any CPU.Build.0 = Release|Any CPU
		{4AF470E0-44DB-4C2B-9EEC-E330F936359E}.Debug|Any CPU.ActiveCfg = Debug|Any CPU
		{4AF470E0-44DB-4C2B-9EEC-E330F936359E}.Debug|Any CPU.Build.0 = Debug|Any CPU
		{4AF470E0-44DB-4C2B-9EEC-E330F936359E}.Release|Any CPU.ActiveCfg = Release|Any CPU
		{4AF470E0-44DB-4C2B-9EEC-E330F936359E}.Release|Any CPU.Build.0 = Release|Any CPU
		{70FB37C2-A157-4266-8E44-1DA102E14027}.Debug|Any CPU.ActiveCfg = Debug|Any CPU
		{70FB37C2-A157-4266-8E44-1DA102E14027}.Debug|Any CPU.Build.0 = Debug|Any CPU
		{70FB37C2-A157-4266-8E44-1DA102E14027}.Release|Any CPU.ActiveCfg = Release|Any CPU
		{70FB37C2-A157-4266-8E44-1DA102E14027}.Release|Any CPU.Build.0 = Release|Any CPU
		{CE78E522-539A-4B09-8E1F-EC0131B7CEBA}.Debug|Any CPU.ActiveCfg = Debug|Any CPU
		{CE78E522-539A-4B09-8E1F-EC0131B7CEBA}.Debug|Any CPU.Build.0 = Debug|Any CPU
		{CE78E522-539A-4B09-8E1F-EC0131B7CEBA}.Release|Any CPU.ActiveCfg = Release|Any CPU
		{CE78E522-539A-4B09-8E1F-EC0131B7CEBA}.Release|Any CPU.Build.0 = Release|Any CPU
	EndGlobalSection
	GlobalSection(SolutionProperties) = preSolution
		HideSolutionNode = FALSE
	EndGlobalSection
	GlobalSection(ExtensibilityGlobals) = postSolution
		SolutionGuid = {D30BF85B-5201-4211-85E6-B8085BF9DD1A}
	EndGlobalSection
EndGlobal
